
Microsoft Visual Studio Solution File, Format Version 12.00
# Visual Studio Version 16
VisualStudioVersion = 16.0.29519.87
MinimumVisualStudioVersion = 10.0.40219.1
Project("{FAE04EC0-301F-11D3-BF4B-00C04F79EFBC}") = "Day25", "Day25.csproj", "{36952925-96D1-4BE5-B2C2-6B83061F345D}"
EndProject
Global
	GlobalSection(SolutionConfigurationPlatforms) = preSolution
		Debug|Any CPU = Debug|Any CPU
		Release|Any CPU = Release|Any CPU
	EndGlobalSection
	GlobalSection(ProjectConfigurationPlatforms) = postSolution
		{36952925-96D1-4BE5-B2C2-6B83061F345D}.Debug|Any CPU.ActiveCfg = Debug|Any CPU
		{36952925-96D1-4BE5-B2C2-6B83061F345D}.Debug|Any CPU.Build.0 = Debug|Any CPU
		{36952925-96D1-4BE5-B2C2-6B83061F345D}.Release|Any CPU.ActiveCfg = Release|Any CPU
		{36952925-96D1-4BE5-B2C2-6B83061F345D}.Release|Any CPU.Build.0 = Release|Any CPU
	EndGlobalSection
	GlobalSection(SolutionProperties) = preSolution
		HideSolutionNode = FALSE
	EndGlobalSection
	GlobalSection(ExtensibilityGlobals) = postSolution
		SolutionGuid = {22EB31EC-E19C-43D9-B0B0-0D9696444ABC}
	EndGlobalSection
EndGlobal
